
Microsoft Visual Studio Solution File, Format Version 12.00
# Visual Studio 15
VisualStudioVersion = 15.0.28010.2046
MinimumVisualStudioVersion = 10.0.40219.1
Project("{FAE04EC0-301F-11D3-BF4B-00C04F79EFBC}") = "Hurricane-Evacuation-Planner", "Hurricane-Evacuation-Planner\Hurricane-Evacuation-Planner.csproj", "{9C5838F7-A98A-49B7-A383-A30C3B7D9C20}"
EndProject
Global
	GlobalSection(SolutionConfigurationPlatforms) = preSolution
		Debug|Any CPU = Debug|Any CPU
		Release|Any CPU = Release|Any CPU
	EndGlobalSection
	GlobalSection(ProjectConfigurationPlatforms) = postSolution
		{9C5838F7-A98A-49B7-A383-A30C3B7D9C20}.Debug|Any CPU.ActiveCfg = Debug|Any CPU
		{9C5838F7-A98A-49B7-A383-A30C3B7D9C20}.Debug|Any CPU.Build.0 = Debug|Any CPU
		{9C5838F7-A98A-49B7-A383-A30C3B7D9C20}.Release|Any CPU.ActiveCfg = Release|Any CPU
		{9C5838F7-A98A-49B7-A383-A30C3B7D9C20}.Release|Any CPU.Build.0 = Release|Any CPU
	EndGlobalSection
	GlobalSection(SolutionProperties) = preSolution
		HideSolutionNode = FALSE
	EndGlobalSection
	GlobalSection(ExtensibilityGlobals) = postSolution
		SolutionGuid = {18D07075-C4AE-4F90-A17A-74AEE5F6F761}
	EndGlobalSection
EndGlobal
